PODS:
  - boost-for-react-native (1.63.0)
  - BVLinearGradient (2.4.0):
    - React
  - Crashlytics (3.14.0):
    - Fabric (~> 1.10.2)
  - DoubleConversion (1.1.6)
  - Fabric (1.10.2)
  - FBSDKCoreKit (5.8.0):
    - FBSDKCoreKit/Basics (= 5.8.0)
    - FBSDKCoreKit/Core (= 5.8.0)
  - FBSDKCoreKit/Basics (5.8.0)
  - FBSDKCoreKit/Core (5.8.0):
    - FBSDKCoreKit/Basics
  - FBSDKLoginKit (5.8.0):
    - FBSDKLoginKit/Login (= 5.8.0)
  - FBSDKLoginKit/Login (5.8.0):
    - FBSDKCoreKit (~> 5.0)
  - FBSDKShareKit (5.8.0):
    - FBSDKShareKit/Share (= 5.8.0)
  - FBSDKShareKit/Share (5.8.0):
    - FBSDKCoreKit (~> 5.0)
  - Firebase/Core (6.3.0):
    - Firebase/CoreOnly
    - FirebaseAnalytics (= 6.0.2)
  - Firebase/CoreOnly (6.3.0):
    - FirebaseCore (= 6.0.3)
  - Firebase/Messaging (6.3.0):
    - Firebase/CoreOnly
    - FirebaseMessaging (~> 4.1.0)
  - FirebaseAnalytics (6.0.2):
    - FirebaseCore (~> 6.0)
    - FirebaseInstanceID (~> 4.2)
    - GoogleAppMeasurement (= 6.0.2)
    - GoogleUtilities/AppDelegateSwizzler (~> 6.0)
    - GoogleUtilities/MethodSwizzler (~> 6.0)
    - GoogleUtilities/Network (~> 6.0)
    - GoogleUtilities/NSData+zlib (~> 6.0)
    - nanopb (~> 0.3)
  - FirebaseAnalyticsInterop (1.4.0)
  - FirebaseCore (6.0.3):
    - GoogleUtilities/Environment (~> 6.0)
    - GoogleUtilities/Logger (~> 6.0)
  - FirebaseInstanceID (4.2.7):
    - FirebaseCore (~> 6.0)
    - GoogleUtilities/Environment (~> 6.0)
    - GoogleUtilities/UserDefaults (~> 6.0)
  - FirebaseMessaging (4.1.1):
    - FirebaseAnalyticsInterop (~> 1.1)
    - FirebaseCore (~> 6.0)
    - FirebaseInstanceID (~> 4.1)
    - GoogleUtilities/AppDelegateSwizzler (~> 6.2)
    - GoogleUtilities/Environment (~> 6.2)
    - GoogleUtilities/Reachability (~> 6.2)
    - GoogleUtilities/UserDefaults (~> 6.2)
    - Protobuf (~> 3.1)
  - FLAnimatedImage (1.0.12)
  - Folly (2018.10.22.00):
    - boost-for-react-native
    - DoubleConversion
    - Folly/Default (= 2018.10.22.00)
    - glog
  - Folly/Default (2018.10.22.00):
    - boost-for-react-native
    - DoubleConversion
    - glog
  - glog (0.3.5)
  - GoogleAppMeasurement (6.0.2):
    - GoogleUtilities/AppDelegateSwizzler (~> 6.0)
    - GoogleUtilities/MethodSwizzler (~> 6.0)
    - GoogleUtilities/Network (~> 6.0)
    - GoogleUtilities/NSData+zlib (~> 6.0)
    - nanopb (~> 0.3)
  - GoogleUtilities/AppDelegateSwizzler (6.3.2):
    - GoogleUtilities/Environment
    - GoogleUtilities/Logger
    - GoogleUtilities/Network
  - GoogleUtilities/Environment (6.3.2)
  - GoogleUtilities/Logger (6.3.2):
    - GoogleUtilities/Environment
  - GoogleUtilities/MethodSwizzler (6.3.2):
    - GoogleUtilities/Logger
  - GoogleUtilities/Network (6.3.2):
    - GoogleUtilities/Logger
    - GoogleUtilities/NSData+zlib
    - GoogleUtilities/Reachability
  - GoogleUtilities/NSData+zlib (6.3.2)
  - GoogleUtilities/Reachability (6.3.2):
    - GoogleUtilities/Logger
  - GoogleUtilities/UserDefaults (6.3.2):
    - GoogleUtilities/Logger
  - IQKeyboardManager (4.0.13)
  - libwebp (1.0.3):
    - libwebp/demux (= 1.0.3)
    - libwebp/mux (= 1.0.3)
    - libwebp/webp (= 1.0.3)
  - libwebp/demux (1.0.3):
    - libwebp/webp
  - libwebp/mux (1.0.3):
    - libwebp/demux
  - libwebp/webp (1.0.3)
  - nanopb (0.3.9011):
    - nanopb/decode (= 0.3.9011)
    - nanopb/encode (= 0.3.9011)
  - nanopb/decode (0.3.9011)
  - nanopb/encode (0.3.9011)
  - Protobuf (3.11.2)
  - React (0.60.0):
    - React-Core (= 0.60.0)
    - React-DevSupport (= 0.60.0)
    - React-RCTActionSheet (= 0.60.0)
    - React-RCTAnimation (= 0.60.0)
    - React-RCTBlob (= 0.60.0)
    - React-RCTImage (= 0.60.0)
    - React-RCTLinking (= 0.60.0)
    - React-RCTNetwork (= 0.60.0)
    - React-RCTSettings (= 0.60.0)
    - React-RCTText (= 0.60.0)
    - React-RCTVibration (= 0.60.0)
    - React-RCTWebSocket (= 0.60.0)
  - React-Core (0.60.0):
    - Folly (= 2018.10.22.00)
    - React-cxxreact (= 0.60.0)
    - React-jsiexecutor (= 0.60.0)
    - yoga (= 0.60.0.React)
  - React-cxxreact (0.60.0):
    - boost-for-react-native (= 1.63.0)
    - DoubleConversion
    - Folly (= 2018.10.22.00)
    - glog
    - React-jsinspector (= 0.60.0)
  - React-DevSupport (0.60.0):
    - React-Core (= 0.60.0)
    - React-RCTWebSocket (= 0.60.0)
  - React-fishhook (0.60.0)
  - React-jsi (0.60.0):
    - boost-for-react-native (= 1.63.0)
    - DoubleConversion
    - Folly (= 2018.10.22.00)
    - glog
    - React-jsi/Default (= 0.60.0)
  - React-jsi/Default (0.60.0):
    - boost-for-react-native (= 1.63.0)
    - DoubleConversion
    - Folly (= 2018.10.22.00)
    - glog
  - React-jsiexecutor (0.60.0):
    - DoubleConversion
    - Folly (= 2018.10.22.00)
    - glog
    - React-cxxreact (= 0.60.0)
    - React-jsi (= 0.60.0)
  - React-jsinspector (0.60.0)
  - react-native-camera (3.15.0):
    - React
    - react-native-camera/RCT (= 3.15.0)
    - react-native-camera/RN (= 3.15.0)
  - react-native-camera/RCT (3.15.0):
    - React
  - react-native-camera/RN (3.15.0):
    - React
  - react-native-fast-image (5.4.2):
    - FLAnimatedImage (~> 1)
    - React
    - SDWebImage/Core (~> 4)
    - SDWebImage/GIF (~> 4)
    - SDWebImage/WebP (~> 4)
  - react-native-fbsdk (1.1.1):
    - React
    - react-native-fbsdk/Core (= 1.1.1)
    - react-native-fbsdk/Login (= 1.1.1)
    - react-native-fbsdk/Share (= 1.1.1)
  - react-native-fbsdk/Core (1.1.1):
    - FBSDKCoreKit (= 5.8)
    - React
  - react-native-fbsdk/Login (1.1.1):
    - FBSDKLoginKit (= 5.8)
    - React
  - react-native-fbsdk/Share (1.1.1):
    - FBSDKShareKit (= 5.8)
    - React
  - react-native-fetch-blob (0.10.6):
    - React-Core
  - react-native-image-picker (1.1.0):
    - React
  - react-native-keep-awake (3.0.1):
    - React
  - react-native-netinfo (4.6.1):
    - React
  - react-native-spinkit (1.4.1):
    - React
  - react-native-splash-screen (3.2.0):
    - React
  - react-native-video (5.0.2):
    - React
    - react-native-video/Video (= 5.0.2)
  - react-native-video/Video (5.0.2):
    - React
  - React-RCTActionSheet (0.60.0):
    - React-Core (= 0.60.0)
  - React-RCTAnimation (0.60.0):
    - React-Core (= 0.60.0)
  - React-RCTBlob (0.60.0):
    - React-Core (= 0.60.0)
    - React-RCTNetwork (= 0.60.0)
    - React-RCTWebSocket (= 0.60.0)
  - React-RCTImage (0.60.0):
    - React-Core (= 0.60.0)
    - React-RCTNetwork (= 0.60.0)
  - React-RCTLinking (0.60.0):
    - React-Core (= 0.60.0)
  - React-RCTNetwork (0.60.0):
    - React-Core (= 0.60.0)
  - React-RCTSettings (0.60.0):
    - React-Core (= 0.60.0)
  - React-RCTText (0.60.0):
    - React-Core (= 0.60.0)
  - React-RCTVibration (0.60.0):
    - React-Core (= 0.60.0)
  - React-RCTWebSocket (0.60.0):
    - React-Core (= 0.60.0)
    - React-fishhook (= 0.60.0)
  - ReactNativeKeyboardManager (4.0.13-15):
    - IQKeyboardManager (= 4.0.13)
    - React
    - React-RCTText
  - ReactNativeNavigation (3.7.0):
    - React
  - ReactNativePermissions (1.1.1):
    - React
  - RNFirebase (5.6.0):
    - Firebase/Core
    - React
    - RNFirebase/Crashlytics (= 5.6.0)
  - RNFirebase/Crashlytics (5.6.0):
    - Crashlytics
    - Fabric
    - Firebase/Core
    - React
  - RNFS (2.16.2):
    - React
  - RNI18n (2.0.10):
    - React
  - RNVectorIcons (6.6.0):
    - React
  - SDWebImage/Core (4.4.7)
  - SDWebImage/GIF (4.4.7):
    - FLAnimatedImage (~> 1.0)
    - SDWebImage/Core
  - SDWebImage/WebP (4.4.7):
    - libwebp (< 2.0, >= 0.5)
    - SDWebImage/Core
  - yoga (0.60.0.React)

DEPENDENCIES:
  - BVLinearGradient (from `../node_modules/react-native-linear-gradient`)
  - DoubleConversion (from `../node_modules/react-native/third-party-podspecs/DoubleConversion.podspec`)
  - Firebase/Core (~> 6.3.0)
  - Firebase/Messaging
  - Folly (from `../node_modules/react-native/third-party-podspecs/Folly.podspec`)
  - glog (from `../node_modules/react-native/third-party-podspecs/glog.podspec`)
  - React (from `../node_modules/react-native/`)
  - React-Core (from `../node_modules/react-native/React`)
  - React-cxxreact (from `../node_modules/react-native/ReactCommon/cxxreact`)
  - React-DevSupport (from `../node_modules/react-native/React`)
  - React-fishhook (from `../node_modules/react-native/Libraries/fishhook`)
  - React-jsi (from `../node_modules/react-native/ReactCommon/jsi`)
  - React-jsiexecutor (from `../node_modules/react-native/ReactCommon/jsiexecutor`)
  - React-jsinspector (from `../node_modules/react-native/ReactCommon/jsinspector`)
  - react-native-camera (from `../node_modules/react-native-camera`)
  - react-native-fast-image (from `../node_modules/react-native-fast-image`)
  - react-native-fbsdk (from `../node_modules/react-native-fbsdk`)
  - react-native-fetch-blob (from `../node_modules/react-native-fetch-blob`)
  - react-native-image-picker (from `../node_modules/react-native-image-picker`)
  - react-native-keep-awake (from `../node_modules/react-native-keep-awake`)
  - react-native-netinfo (from `../node_modules/@react-native-community/netinfo`)
  - react-native-spinkit (from `../node_modules/react-native-spinkit`)
  - react-native-splash-screen (from `../node_modules/react-native-splash-screen`)
  - react-native-video (from `../node_modules/react-native-video`)
  - React-RCTActionSheet (from `../node_modules/react-native/Libraries/ActionSheetIOS`)
  - React-RCTAnimation (from `../node_modules/react-native/Libraries/NativeAnimation`)
  - React-RCTBlob (from `../node_modules/react-native/Libraries/Blob`)
  - React-RCTImage (from `../node_modules/react-native/Libraries/Image`)
  - React-RCTLinking (from `../node_modules/react-native/Libraries/LinkingIOS`)
  - React-RCTNetwork (from `../node_modules/react-native/Libraries/Network`)
  - React-RCTSettings (from `../node_modules/react-native/Libraries/Settings`)
  - React-RCTText (from `../node_modules/react-native/Libraries/Text`)
  - React-RCTVibration (from `../node_modules/react-native/Libraries/Vibration`)
  - React-RCTWebSocket (from `../node_modules/react-native/Libraries/WebSocket`)
  - ReactNativeKeyboardManager (from `../node_modules/react-native-keyboard-manager`)
  - ReactNativeNavigation (from `../node_modules/react-native-navigation`)
  - ReactNativePermissions (from `../node_modules/react-native-permissions`)
  - RNFirebase (from `../node_modules/react-native-firebase/ios`)
  - RNFS (from `../node_modules/react-native-fs`)
  - RNI18n (from `../node_modules/react-native-i18n`)
  - RNVectorIcons (from `../node_modules/react-native-vector-icons`)
  - yoga (from `../node_modules/react-native/ReactCommon/yoga`)

EXTERNAL SOURCES:
  BVLinearGradient:
    :path: ../node_modules/react-native-linear-gradient
  DoubleConversion:
    :podspec: ../node_modules/react-native/third-party-podspecs/DoubleConversion.podspec
  Folly:
    :podspec: ../node_modules/react-native/third-party-podspecs/Folly.podspec
  glog:
    :podspec: ../node_modules/react-native/third-party-podspecs/glog.podspec
  React:
    :path: ../node_modules/react-native/
  React-Core:
    :path: ../node_modules/react-native/React
  React-cxxreact:
    :path: ../node_modules/react-native/ReactCommon/cxxreact
  React-DevSupport:
    :path: ../node_modules/react-native/React
  React-fishhook:
    :path: ../node_modules/react-native/Libraries/fishhook
  React-jsi:
    :path: ../node_modules/react-native/ReactCommon/jsi
  React-jsiexecutor:
    :path: ../node_modules/react-native/ReactCommon/jsiexecutor
  React-jsinspector:
    :path: ../node_modules/react-native/ReactCommon/jsinspector
  react-native-camera:
    :path: ../node_modules/react-native-camera
  react-native-fast-image:
    :path: ../node_modules/react-native-fast-image
  react-native-fbsdk:
    :path: ../node_modules/react-native-fbsdk
  react-native-fetch-blob:
    :path: ../node_modules/react-native-fetch-blob
  react-native-image-picker:
    :path: ../node_modules/react-native-image-picker
  react-native-keep-awake:
    :path: ../node_modules/react-native-keep-awake
  react-native-netinfo:
    :path: ../node_modules/@react-native-community/netinfo
  react-native-spinkit:
    :path: ../node_modules/react-native-spinkit
  react-native-splash-screen:
    :path: ../node_modules/react-native-splash-screen
  react-native-video:
    :path: ../node_modules/react-native-video
  React-RCTActionSheet:
    :path: ../node_modules/react-native/Libraries/ActionSheetIOS
  React-RCTAnimation:
    :path: ../node_modules/react-native/Libraries/NativeAnimation
  React-RCTBlob:
    :path: ../node_modules/react-native/Libraries/Blob
  React-RCTImage:
    :path: ../node_modules/react-native/Libraries/Image
  React-RCTLinking:
    :path: ../node_modules/react-native/Libraries/LinkingIOS
  React-RCTNetwork:
    :path: ../node_modules/react-native/Libraries/Network
  React-RCTSettings:
    :path: ../node_modules/react-native/Libraries/Settings
  React-RCTText:
    :path: ../node_modules/react-native/Libraries/Text
  React-RCTVibration:
    :path: ../node_modules/react-native/Libraries/Vibration
  React-RCTWebSocket:
    :path: ../node_modules/react-native/Libraries/WebSocket
  ReactNativeKeyboardManager:
    :path: ../node_modules/react-native-keyboard-manager
  ReactNativeNavigation:
    :path: ../node_modules/react-native-navigation
  ReactNativePermissions:
    :path: ../node_modules/react-native-permissions
  RNFirebase:
    :path: ../node_modules/react-native-firebase/ios
  RNFS:
    :path: ../node_modules/react-native-fs
  RNI18n:
    :path: ../node_modules/react-native-i18n
  RNVectorIcons:
    :path: ../node_modules/react-native-vector-icons
  yoga:
    :path: ../node_modules/react-native/ReactCommon/yoga

SPEC CHECKSUMS:
  boost-for-react-native: 39c7adb57c4e60d6c5479dd8623128eb5b3f0f2c
  BVLinearGradient: 4b3f3bdf1ac1a52a5ef5e65c9585d793a7c3f825
  Crashlytics: 540b7e5f5da5a042647227a5e3ac51d85eed06df
  DoubleConversion: 5805e889d232975c086db112ece9ed034df7a0b2
  Fabric: 706c8b8098fff96c33c0db69cbf81f9c551d0d74
  FBSDKCoreKit: e7dcac0aabcfb09d0166998edd95fe3b05a0ce5d
  FBSDKLoginKit: 1b0cf04df0370b37404213157b060d6666ede814
  FBSDKShareKit: abc29e1bb4f9f59f679adf1ae191006d68455f96
  Firebase: 8432d732974498afd5987e9001a05f90f1a3d625
  FirebaseAnalytics: 470ddab7253b21ad5a40bebd4a9903d7ae19386a
  FirebaseAnalyticsInterop: d48b6ab67bcf016a05e55b71fc39c61c0cb6b7f3
  FirebaseCore: 68f8a7f50cdae542715d4e86afa37c4067217dcb
  FirebaseInstanceID: ebd2ea79ee38db0cb5f5167b17a0d387e1cc7b6e
  FirebaseMessaging: 6bb0bdaf64c55fef7a219b7bb1e94e94a0855ced
  FLAnimatedImage: 4a0b56255d9b05f18b6dd7ee06871be5d3b89e31
  Folly: 30e7936e1c45c08d884aa59369ed951a8e68cf51
  glog: 1f3da668190260b06b429bb211bfbee5cd790c28
  GoogleAppMeasurement: a35a645835bae31b6bdc0576396bc23908f12a22
  GoogleUtilities: 547a86735c6f0ee30ad17e94df4fc21f616b71cb
  IQKeyboardManager: 8eab4d8111418414619d1df8e4779ce5d0f8d7e2
  libwebp: 057912d6d0abfb6357d8bb05c0ea470301f5d61e
  nanopb: 18003b5e52dab79db540fe93fe9579f399bd1ccd
  Protobuf: dd1aaea7140debfe4dd0683fb8ef208e527ae153
  React: c438ccc7e14e86d4702bb92d7e262f549ffaa995
  React-Core: c76495f5c14e73c0f803b89c3fa83f804da61bd6
  React-cxxreact: f64bc64cf4682d6ea5a064f6017da72482858682
  React-DevSupport: 30336bca00f72681eac995d21a31b963e7d5cfec
  React-fishhook: 73dc8058ca42828cc92e8fbba6cd9571100e10ca
  React-jsi: 40f467ff088c811c6630acccb4aea57ea7ccb1b5
  React-jsiexecutor: e4b4717060a0cd8d0270323b5655a68c95432efd
  React-jsinspector: 044105eea064aec81adc5e4d777a8f6589e7d094
  react-native-camera: 9c50d7def800895e7991ccda6203929553ceec9c
  react-native-fast-image: 94493237897fdc36814e2a11a519a9cf508b2e57
  react-native-fbsdk: f07643d5d8aaa0ca783e55b7518876963e42c46e
  react-native-fetch-blob: df3f2348d83fd7cc39ebac62e7c0178d3c79f09e
  react-native-image-picker: 02cc046cf072f1254fb6eba51990a3f25e138cb4
  react-native-keep-awake: 0de4bd66de0c23178107dce0c2fcc3354b2a8e94
  react-native-netinfo: a91b5cf92ed3ada997cfe2bf067633386eb19fd8
  react-native-spinkit: 6def74431fec10e312e7b71a148bf9aa223bfdbc
  react-native-splash-screen: a49be22f0f6648b8416f3bd28258645eeaa5b42b
  react-native-video: 44c6befbc1526283ca1919891fcebe4680feade4
  React-RCTActionSheet: 08864c609d9f959abf3d51fdd93f8bc6e91f21eb
  React-RCTAnimation: a4547e9fac2627ded3df9d302f5558b475faf819
  React-RCTBlob: 62d5c263a2adb8f7a2cafd601beba18a2d99cbbb
  React-RCTImage: 963859de2b05d2037d1b7842cdbddc8d7f3a2f3b
  React-RCTLinking: 5998a7db9a6156ed112b006d01f76b2d1cc83d98
  React-RCTNetwork: 0b676e8194f3f893db813007d37e37e9820173a3
  React-RCTSettings: fdd7606f1b6050eced69fc6046d5db6768aefd57
  React-RCTText: 36c0532feb5521cb295ba80e7e44b70cf1c36fc7
  React-RCTVibration: dabb8d59bb47e1d9124b3f77bfdc1b33d42b0a74
  React-RCTWebSocket: f32b93e0953d7c07fd5dd45305406282cfdc95cf
  ReactNativeKeyboardManager: cb917a17e6100f6e0adfedff245ff1eafd80ecbe
  ReactNativeNavigation: 20522060de61b1c293ec50681a6aa11488596286
  ReactNativePermissions: 9f2d9c45c98800795e6c2ed330e25d11a66a8169
  RNFirebase: ca408d6bee0ca9383bd0cfe84f40b01370b8ad4d
  RNFS: 63be1ccb4bf27a09d1cf7f481c86fdfba9e4a0a2
  RNI18n: db9be06a40336f04d136f24dd5de3f5eb9f3207c
  RNVectorIcons: 66af4d5c8ff4f584c7b7cd9c4b0780920f27fce2
  SDWebImage: c10d14a8883ebd89664f02a422006f66a85c0c5d
  yoga: 88c514f310aff89b94a14c5fbf44b95735af0cb7

PODFILE CHECKSUM: b144221ea442f344b10d11d407e9eb459beecef2

COCOAPODS: 1.4.0
